
Microsoft Visual Studio Solution File, Format Version 12.00
# Visual Studio 2012
Project("{FAE04EC0-301F-11D3-BF4B-00C04F79EFBC}") = "FeatureEnablement", "FeatureEnablement.csproj", "{5FD1F6CD-9531-4F93-8684-998AC01EFE9F}"
EndProject
Global
	GlobalSection(TeamFoundationVersionControl) = preSolution
		SccEnterpriseProvider = {4CA58AB2-18FA-4F8D-95D4-32DDF27D184C}
		SccLocalPath0 = .
		SccLocalPath1 = .
		SccNumberOfProjects = 2
		SccProjectUniqueName1 = FeatureEnablement.csproj
		SccTeamFoundationServer = https://ewaldhofman.tfspreview.com/defaultcollection
	EndGlobalSection
	GlobalSection(SolutionConfigurationPlatforms) = preSolution
		Debug|Any CPU = Debug|Any CPU
		Release|Any CPU = Release|Any CPU
	EndGlobalSection
	GlobalSection(ProjectConfigurationPlatforms) = postSolution
		{5FD1F6CD-9531-4F93-8684-998AC01EFE9F}.Debug|Any CPU.ActiveCfg = Debug|Any CPU
		{5FD1F6CD-9531-4F93-8684-998AC01EFE9F}.Debug|Any CPU.Build.0 = Debug|Any CPU
		{5FD1F6CD-9531-4F93-8684-998AC01EFE9F}.Release|Any CPU.ActiveCfg = Release|Any CPU
		{5FD1F6CD-9531-4F93-8684-998AC01EFE9F}.Release|Any CPU.Build.0 = Release|Any CPU
	EndGlobalSection
	GlobalSection(SolutionProperties) = preSolution
		HideSolutionNode = FALSE
	EndGlobalSection
EndGlobal
