
Microsoft Visual Studio Solution File, Format Version 12.00
# Visual Studio 14
VisualStudioVersion = 14.0.23107.0
MinimumVisualStudioVersion = 10.0.40219.1
Project("{FAE04EC0-301F-11D3-BF4B-00C04F79EFBC}") = "CodeCoverage", "CodeCoverage\CodeCoverage.csproj", "{F40D3890-C6F5-408E-8A99-1350566D41F3}"
EndProject
Project("{FAE04EC0-301F-11D3-BF4B-00C04F79EFBC}") = "UnitTestProject", "UnitTestProject\UnitTestProject.csproj", "{D93FC704-BFD0-4DC7-8CF5-A5BDF65D2876}"
EndProject
Project("{FAE04EC0-301F-11D3-BF4B-00C04F79EFBC}") = "CodeCoverageCheck", "CodeCoverageCheck\CodeCoverageCheck.csproj", "{BB9CB65C-EF8C-450D-81ED-9DBACF99FC2A}"
EndProject
Global
	GlobalSection(SolutionConfigurationPlatforms) = preSolution
		Debug|Any CPU = Debug|Any CPU
		Release|Any CPU = Release|Any CPU
	EndGlobalSection
	GlobalSection(ProjectConfigurationPlatforms) = postSolution
		{F40D3890-C6F5-408E-8A99-1350566D41F3}.Debug|Any CPU.ActiveCfg = Debug|Any CPU
		{F40D3890-C6F5-408E-8A99-1350566D41F3}.Debug|Any CPU.Build.0 = Debug|Any CPU
		{F40D3890-C6F5-408E-8A99-1350566D41F3}.Release|Any CPU.ActiveCfg = Release|Any CPU
		{F40D3890-C6F5-408E-8A99-1350566D41F3}.Release|Any CPU.Build.0 = Release|Any CPU
		{D93FC704-BFD0-4DC7-8CF5-A5BDF65D2876}.Debug|Any CPU.ActiveCfg = Debug|Any CPU
		{D93FC704-BFD0-4DC7-8CF5-A5BDF65D2876}.Debug|Any CPU.Build.0 = Debug|Any CPU
		{D93FC704-BFD0-4DC7-8CF5-A5BDF65D2876}.Release|Any CPU.ActiveCfg = Release|Any CPU
		{D93FC704-BFD0-4DC7-8CF5-A5BDF65D2876}.Release|Any CPU.Build.0 = Release|Any CPU
		{BB9CB65C-EF8C-450D-81ED-9DBACF99FC2A}.Debug|Any CPU.ActiveCfg = Debug|Any CPU
		{BB9CB65C-EF8C-450D-81ED-9DBACF99FC2A}.Debug|Any CPU.Build.0 = Debug|Any CPU
		{BB9CB65C-EF8C-450D-81ED-9DBACF99FC2A}.Release|Any CPU.ActiveCfg = Release|Any CPU
		{BB9CB65C-EF8C-450D-81ED-9DBACF99FC2A}.Release|Any CPU.Build.0 = Release|Any CPU
	EndGlobalSection
	GlobalSection(SolutionProperties) = preSolution
		HideSolutionNode = FALSE
	EndGlobalSection
	GlobalSection(TeamFoundationVersionControl) = preSolution
		SccNumberOfProjects = 4
		SccEnterpriseProvider = {4CA58AB2-18FA-4F8D-95D4-32DDF27D184C}
		SccTeamFoundationServer = http://vnkt-server:8080/tfs/tfs2015
		SccLocalPath0 = .
		SccProjectUniqueName1 = CodeCoverage\\CodeCoverage.csproj
		SccProjectName1 = CodeCoverage
		SccLocalPath1 = CodeCoverage
		SccProjectUniqueName2 = UnitTestProject\\UnitTestProject.csproj
		SccProjectName2 = UnitTestProject
		SccLocalPath2 = UnitTestProject
		SccProjectUniqueName3 = CodeCoverageCheck\\CodeCoverageCheck.csproj
		SccProjectName3 = CodeCoverageCheck
		SccLocalPath3 = CodeCoverageCheck
	EndGlobalSection
EndGlobal
